
Microsoft Visual Studio Solution File, Format Version 12.00
# Visual Studio 15
VisualStudioVersion = 15.0.28010.2048
MinimumVisualStudioVersion = 10.0.40219.1
Project("{FAE04EC0-301F-11D3-BF4B-00C04F79EFBC}") = "Assembler", "Assembler\Assembler.csproj", "{A597E645-6231-4E76-8B7B-961476B34BA2}"
EndProject
Global
	GlobalSection(SolutionConfigurationPlatforms) = preSolution
		Debug|Any CPU = Debug|Any CPU
		Release|Any CPU = Release|Any CPU
	EndGlobalSection
	GlobalSection(ProjectConfigurationPlatforms) = postSolution
		{A597E645-6231-4E76-8B7B-961476B34BA2}.Debug|Any CPU.ActiveCfg = Debug|Any CPU
		{A597E645-6231-4E76-8B7B-961476B34BA2}.Debug|Any CPU.Build.0 = Debug|Any CPU
		{A597E645-6231-4E76-8B7B-961476B34BA2}.Release|Any CPU.ActiveCfg = Release|Any CPU
		{A597E645-6231-4E76-8B7B-961476B34BA2}.Release|Any CPU.Build.0 = Release|Any CPU
	EndGlobalSection
	GlobalSection(SolutionProperties) = preSolution
		HideSolutionNode = FALSE
	EndGlobalSection
	GlobalSection(ExtensibilityGlobals) = postSolution
		SolutionGuid = {4E352602-8177-4B7E-881E-587A7A6946E5}
	EndGlobalSection
EndGlobal
